
Microsoft Visual Studio Solution File, Format Version 12.00
# Visual Studio Version 17
VisualStudioVersion = 17.14.36603.0 d17.14
MinimumVisualStudioVersion = 10.0.40219.1
Project("{FAE04EC0-301F-11D3-BF4B-00C04F79EFBC}") = "Youtube-Downloader-GUI", "Youtube-Downloader-GUI\Youtube-Downloader-GUI.csproj", "{8686F257-5FB8-4FBF-9FFB-0A51BFF1DE07}"
EndProject
Project("{FAE04EC0-301F-11D3-BF4B-00C04F79EFBC}") = "Youtube-Downloader-Console-Progress", "Youtube-Downloader-Console-With-Progress-Bar\Youtube-Downloader-Console-Progress.csproj", "{3923206A-AF5E-4A73-9E3C-8EE92F4D1F03}"
EndProject
Project("{FAE04EC0-301F-11D3-BF4B-00C04F79EFBC}") = "QR-Generator-Url-Viewer", "QR-Generator-Url-Viewer\QR-Generator-Url-Viewer.csproj", "{28647568-83FD-419A-A5D9-01807EB1A7F0}"
EndProject
Project("{FAE04EC0-301F-11D3-BF4B-00C04F79EFBC}") = "Translator-GUI", "Translator-GUI\Translator-GUI.csproj", "{06821806-4FD8-40BF-B4C6-04E0311AA66C}"
EndProject
Global
	GlobalSection(SolutionConfigurationPlatforms) = preSolution
		Debug|Any CPU = Debug|Any CPU
		Release|Any CPU = Release|Any CPU
	EndGlobalSection
	GlobalSection(ProjectConfigurationPlatforms) = postSolution
		{8686F257-5FB8-4FBF-9FFB-0A51BFF1DE07}.Debug|Any CPU.ActiveCfg = Debug|Any CPU
		{8686F257-5FB8-4FBF-9FFB-0A51BFF1DE07}.Debug|Any CPU.Build.0 = Debug|Any CPU
		{8686F257-5FB8-4FBF-9FFB-0A51BFF1DE07}.Release|Any CPU.ActiveCfg = Release|Any CPU
		{8686F257-5FB8-4FBF-9FFB-0A51BFF1DE07}.Release|Any CPU.Build.0 = Release|Any CPU
		{3923206A-AF5E-4A73-9E3C-8EE92F4D1F03}.Debug|Any CPU.ActiveCfg = Debug|Any CPU
		{3923206A-AF5E-4A73-9E3C-8EE92F4D1F03}.Debug|Any CPU.Build.0 = Debug|Any CPU
		{3923206A-AF5E-4A73-9E3C-8EE92F4D1F03}.Release|Any CPU.ActiveCfg = Release|Any CPU
		{3923206A-AF5E-4A73-9E3C-8EE92F4D1F03}.Release|Any CPU.Build.0 = Release|Any CPU
		{28647568-83FD-419A-A5D9-01807EB1A7F0}.Debug|Any CPU.ActiveCfg = Debug|Any CPU
		{28647568-83FD-419A-A5D9-01807EB1A7F0}.Debug|Any CPU.Build.0 = Debug|Any CPU
		{28647568-83FD-419A-A5D9-01807EB1A7F0}.Release|Any CPU.ActiveCfg = Release|Any CPU
		{28647568-83FD-419A-A5D9-01807EB1A7F0}.Release|Any CPU.Build.0 = Release|Any CPU
		{06821806-4FD8-40BF-B4C6-04E0311AA66C}.Debug|Any CPU.ActiveCfg = Debug|Any CPU
		{06821806-4FD8-40BF-B4C6-04E0311AA66C}.Debug|Any CPU.Build.0 = Debug|Any CPU
		{06821806-4FD8-40BF-B4C6-04E0311AA66C}.Release|Any CPU.ActiveCfg = Release|Any CPU
		{06821806-4FD8-40BF-B4C6-04E0311AA66C}.Release|Any CPU.Build.0 = Release|Any CPU
	EndGlobalSection
	GlobalSection(SolutionProperties) = preSolution
		HideSolutionNode = FALSE
	EndGlobalSection
	GlobalSection(ExtensibilityGlobals) = postSolution
		SolutionGuid = {85F406ED-0D2B-4F74-B582-7621C5B40237}
	EndGlobalSection
EndGlobal
